
Microsoft Visual Studio Solution File, Format Version 12.00
# Visual Studio Version 16
VisualStudioVersion = 16.0.30907.101
MinimumVisualStudioVersion = 10.0.40219.1
Project("{FAE04EC0-301F-11D3-BF4B-00C04F79EFBC}") = "G3E2", "G3E2\G3E2.csproj", "{21C80153-B0DD-4059-A28F-C23E15DE2AB7}"
EndProject
Global
	GlobalSection(SolutionConfigurationPlatforms) = preSolution
		Debug|Any CPU = Debug|Any CPU
		Release|Any CPU = Release|Any CPU
	EndGlobalSection
	GlobalSection(ProjectConfigurationPlatforms) = postSolution
		{21C80153-B0DD-4059-A28F-C23E15DE2AB7}.Debug|Any CPU.ActiveCfg = Debug|Any CPU
		{21C80153-B0DD-4059-A28F-C23E15DE2AB7}.Debug|Any CPU.Build.0 = Debug|Any CPU
		{21C80153-B0DD-4059-A28F-C23E15DE2AB7}.Release|Any CPU.ActiveCfg = Release|Any CPU
		{21C80153-B0DD-4059-A28F-C23E15DE2AB7}.Release|Any CPU.Build.0 = Release|Any CPU
	EndGlobalSection
	GlobalSection(SolutionProperties) = preSolution
		HideSolutionNode = FALSE
	EndGlobalSection
	GlobalSection(ExtensibilityGlobals) = postSolution
		SolutionGuid = {45238EA1-47B4-4667-B5FA-487E7AB90ECF}
	EndGlobalSection
EndGlobal
